# This file is automatically @generated by Poetry 1.7.0 and should not be changed by hand.

[[package]]
name = "cargo-lambda"
version = "0.22.0"
description = "Cargo subcommand to work with AWS Lambda"
optional = false
python-versions = "*"
files = [
    {file = "cargo_lambda-0.22.0-py3-none-macosx_10_9_x86_64.macosx_11_0_arm64.macosx_10_9_universal2.whl", hash = "sha256:8daf0e414741bcee139e27cd555ebe2fa0c346f77fc5beee7b85377bd0060f7b"},
    {file = "cargo_lambda-0.22.0-py3-none-manylinux_2_17_aarch64.manylinux2014_aarch64.whl", hash = "sha256:c734ac387116fc8fe4d182c1c4ddb682b03571988bc2b4f8eee3b4c30d1cdfa8"},
    {file = "cargo_lambda-0.22.0-py3-none-manylinux_2_17_armv7l.manylinux2014_armv7l.whl", hash = "sha256:b92a4791257c5153061683846f4d5394abe78568a5f388441b2859d3706c4771"},
    {file = "cargo_lambda-0.22.0-py3-none-manylinux_2_5_i686.manylinux1_i686.whl", hash = "sha256:12a935a3801e41e876da0d91ca2984d1c39122baddb798530ae71e01e471e6b3"},
    {file = "cargo_lambda-0.22.0-py3-none-manylinux_2_5_x86_64.manylinux1_x86_64.whl", hash = "sha256:11bcd3a24f83609137192d8a1a6501a290d42426f923a47e4e362b08081e1aa4"},
    {file = "cargo_lambda-0.22.0-py3-none-win32.whl", hash = "sha256:5f8d0b7eb605c8834e250388dae04941a4c75bff69148f3fb0a5686531698657"},
    {file = "cargo_lambda-0.22.0-py3-none-win_amd64.whl", hash = "sha256:737edc518b4c699bc7814d11c379fae7646dbf2828daadf7c63c4b6eae3bd5e9"},
]

[package.dependencies]
ziglang = ">=0.10.0"

[[package]]
name = "ziglang"
version = "0.11.0"
description = "Zig is a general-purpose programming language and toolchain for maintaining robust, optimal, and reusable software."
optional = false
python-versions = "~=3.5"
files = [
    {file = "ziglang-0.11.0-py3-none-macosx_10_9_x86_64.whl", hash = "sha256:bd046eeab97ad51048575768f6dae10468b3a4449f4467ed61dae621faf6ee55"},
    {file = "ziglang-0.11.0-py3-none-macosx_11_0_arm64.whl", hash = "sha256:038b95cac9adef0c6dce9b72bdad895a0e4e0654c77c4a8f84fe79d2909a366e"},
    {file = "ziglang-0.11.0-py3-none-manylinux_2_12_i686.manylinux2010_i686.musllinux_1_1_i686.whl", hash = "sha256:4f848c8cca520cb12357cfa3d303bf1149a30566f4c1e5999284dbdf921cc2b8"},
    {file = "ziglang-0.11.0-py3-none-manylinux_2_12_x86_64.manylinux2010_x86_64.musllinux_1_1_x86_64.whl", hash = "sha256:45e8116428267e20529b9ee43a7e7364791c1a092845d2143b248a1dbf6760b0"},
    {file = "ziglang-0.11.0-py3-none-manylinux_2_17_aarch64.manylinux2014_aarch64.musllinux_1_1_aarch64.whl", hash = "sha256:d6372bada34714a5395539cc4d76e9cc6062739cee5ce9949a250f7c525ceb94"},
    {file = "ziglang-0.11.0-py3-none-manylinux_2_17_armv7l.manylinux2014_armv7l.musllinux_1_1_armv7l.whl", hash = "sha256:5fe81f91fd872fc32ed0f82807df6c680a82cbea56a9f24f818e9da299049022"},
    {file = "ziglang-0.11.0-py3-none-win_amd64.whl", hash = "sha256:a7edc7020e7ffbbb3af3a40c17a9bda65d5a65132ff933e153ffa80d8f5ad731"},
]

[metadata]
lock-version = "2.0"
python-versions = "^3.11"
content-hash = "dd249df5ce902521ed83b951ede5c1014234dd69c120ee23a71b1b5507e3281f"
